
Microsoft Visual Studio Solution File, Format Version 12.00
# Visual Studio Version 17
VisualStudioVersion = 17.7.34009.444
MinimumVisualStudioVersion = 10.0.40219.1
Project("{9A19103F-16F7-4668-BE54-9A1E7A4F7556}") = "living-backend", "living-backend\living-backend.csproj", "{C1B4B46D-D329-48C2-AC0F-ED3BAD77A90D}"
EndProject
Project("{2150E333-8FDC-42A3-9474-1A3956D46DE8}") = "Solution Items", "Solution Items", "{00A12C59-3065-486E-87B9-67AB741997D8}"
	ProjectSection(SolutionItems) = preProject
		.editorconfig = .editorconfig
	EndProjectSection
EndProject
Project("{9A19103F-16F7-4668-BE54-9A1E7A4F7556}") = "Living.Application", "Living.Application\Living.Application.csproj", "{9D128F20-4B7F-473D-9435-58D2B6CEF8AC}"
EndProject
Project("{9A19103F-16F7-4668-BE54-9A1E7A4F7556}") = "Living.Domain", "Living.Domain\Living.Domain.csproj", "{E6F8F8C9-1803-4FD2-B8D1-9BE33B765B4A}"
EndProject
Project("{9A19103F-16F7-4668-BE54-9A1E7A4F7556}") = "Living.Infraestructure", "Living.Infraestructure\Living.Infraestructure.csproj", "{62FADB2B-521D-4239-8080-25E0448C67DD}"
EndProject
Project("{9A19103F-16F7-4668-BE54-9A1E7A4F7556}") = "Living.WebAPI", "Living.WebAPI\Living.WebAPI.csproj", "{E8425845-FE9F-4F06-9AEF-30E660DA9664}"
EndProject
Project("{9A19103F-16F7-4668-BE54-9A1E7A4F7556}") = "Living.Tests", "Living.Tests\Living.Tests.csproj", "{FF1F9E9E-733B-4953-95B6-3DE1A1613E03}"
EndProject
Global
	GlobalSection(SolutionConfigurationPlatforms) = preSolution
		Debug|Any CPU = Debug|Any CPU
		Release|Any CPU = Release|Any CPU
	EndGlobalSection
	GlobalSection(ProjectConfigurationPlatforms) = postSolution
		{C1B4B46D-D329-48C2-AC0F-ED3BAD77A90D}.Debug|Any CPU.ActiveCfg = Debug|Any CPU
		{C1B4B46D-D329-48C2-AC0F-ED3BAD77A90D}.Debug|Any CPU.Build.0 = Debug|Any CPU
		{C1B4B46D-D329-48C2-AC0F-ED3BAD77A90D}.Release|Any CPU.ActiveCfg = Release|Any CPU
		{C1B4B46D-D329-48C2-AC0F-ED3BAD77A90D}.Release|Any CPU.Build.0 = Release|Any CPU
		{9D128F20-4B7F-473D-9435-58D2B6CEF8AC}.Debug|Any CPU.ActiveCfg = Debug|Any CPU
		{9D128F20-4B7F-473D-9435-58D2B6CEF8AC}.Debug|Any CPU.Build.0 = Debug|Any CPU
		{9D128F20-4B7F-473D-9435-58D2B6CEF8AC}.Release|Any CPU.ActiveCfg = Release|Any CPU
		{9D128F20-4B7F-473D-9435-58D2B6CEF8AC}.Release|Any CPU.Build.0 = Release|Any CPU
		{E6F8F8C9-1803-4FD2-B8D1-9BE33B765B4A}.Debug|Any CPU.ActiveCfg = Debug|Any CPU
		{E6F8F8C9-1803-4FD2-B8D1-9BE33B765B4A}.Debug|Any CPU.Build.0 = Debug|Any CPU
		{E6F8F8C9-1803-4FD2-B8D1-9BE33B765B4A}.Release|Any CPU.ActiveCfg = Release|Any CPU
		{E6F8F8C9-1803-4FD2-B8D1-9BE33B765B4A}.Release|Any CPU.Build.0 = Release|Any CPU
		{62FADB2B-521D-4239-8080-25E0448C67DD}.Debug|Any CPU.ActiveCfg = Debug|Any CPU
		{62FADB2B-521D-4239-8080-25E0448C67DD}.Debug|Any CPU.Build.0 = Debug|Any CPU
		{62FADB2B-521D-4239-8080-25E0448C67DD}.Release|Any CPU.ActiveCfg = Release|Any CPU
		{62FADB2B-521D-4239-8080-25E0448C67DD}.Release|Any CPU.Build.0 = Release|Any CPU
		{E8425845-FE9F-4F06-9AEF-30E660DA9664}.Debug|Any CPU.ActiveCfg = Debug|Any CPU
		{E8425845-FE9F-4F06-9AEF-30E660DA9664}.Debug|Any CPU.Build.0 = Debug|Any CPU
		{E8425845-FE9F-4F06-9AEF-30E660DA9664}.Release|Any CPU.ActiveCfg = Release|Any CPU
		{E8425845-FE9F-4F06-9AEF-30E660DA9664}.Release|Any CPU.Build.0 = Release|Any CPU
		{FF1F9E9E-733B-4953-95B6-3DE1A1613E03}.Debug|Any CPU.ActiveCfg = Debug|Any CPU
		{FF1F9E9E-733B-4953-95B6-3DE1A1613E03}.Debug|Any CPU.Build.0 = Debug|Any CPU
		{FF1F9E9E-733B-4953-95B6-3DE1A1613E03}.Release|Any CPU.ActiveCfg = Release|Any CPU
		{FF1F9E9E-733B-4953-95B6-3DE1A1613E03}.Release|Any CPU.Build.0 = Release|Any CPU
	EndGlobalSection
	GlobalSection(SolutionProperties) = preSolution
		HideSolutionNode = FALSE
	EndGlobalSection
	GlobalSection(ExtensibilityGlobals) = postSolution
		SolutionGuid = {CC22ABD6-1850-4AB0-A374-0047C8F79850}
	EndGlobalSection
EndGlobal
